
Microsoft Visual Studio Solution File, Format Version 12.00
# Visual Studio Version 16
VisualStudioVersion = 16.0.31729.503
MinimumVisualStudioVersion = 10.0.40219.1
Project("{2150E333-8FDC-42A3-9474-1A3956D46DE8}") = "ApiServices", "ApiServices", "{85E62BBC-C631-476E-99DD-507B485983E5}"
EndProject
Project("{9A19103F-16F7-4668-BE54-9A1E7A4F7556}") = "LoginSecurity", "LoginSecurity\LoginSecurity.csproj", "{341FFD88-DCAE-4811-91F8-ECC07C9A231B}"
EndProject
Project("{9A19103F-16F7-4668-BE54-9A1E7A4F7556}") = "BankManagement_WPF", "BankManagement_WPF\BankManagement_WPF.csproj", "{FA5F22A6-AEF5-434F-BE03-75910FE88E02}"
EndProject
Project("{FAE04EC0-301F-11D3-BF4B-00C04F79EFBC}") = "BMSTest", "BMSTest\BMSTest.csproj", "{323EDC6C-C764-4273-8714-B51AA1116D69}"
EndProject
Global
	GlobalSection(SolutionConfigurationPlatforms) = preSolution
		Debug|Any CPU = Debug|Any CPU
		Release|Any CPU = Release|Any CPU
	EndGlobalSection
	GlobalSection(ProjectConfigurationPlatforms) = postSolution
		{341FFD88-DCAE-4811-91F8-ECC07C9A231B}.Debug|Any CPU.ActiveCfg = Debug|Any CPU
		{341FFD88-DCAE-4811-91F8-ECC07C9A231B}.Debug|Any CPU.Build.0 = Debug|Any CPU
		{341FFD88-DCAE-4811-91F8-ECC07C9A231B}.Release|Any CPU.ActiveCfg = Release|Any CPU
		{341FFD88-DCAE-4811-91F8-ECC07C9A231B}.Release|Any CPU.Build.0 = Release|Any CPU
		{FA5F22A6-AEF5-434F-BE03-75910FE88E02}.Debug|Any CPU.ActiveCfg = Debug|Any CPU
		{FA5F22A6-AEF5-434F-BE03-75910FE88E02}.Debug|Any CPU.Build.0 = Debug|Any CPU
		{FA5F22A6-AEF5-434F-BE03-75910FE88E02}.Release|Any CPU.ActiveCfg = Release|Any CPU
		{FA5F22A6-AEF5-434F-BE03-75910FE88E02}.Release|Any CPU.Build.0 = Release|Any CPU
		{323EDC6C-C764-4273-8714-B51AA1116D69}.Debug|Any CPU.ActiveCfg = Debug|Any CPU
		{323EDC6C-C764-4273-8714-B51AA1116D69}.Debug|Any CPU.Build.0 = Debug|Any CPU
		{323EDC6C-C764-4273-8714-B51AA1116D69}.Release|Any CPU.ActiveCfg = Release|Any CPU
		{323EDC6C-C764-4273-8714-B51AA1116D69}.Release|Any CPU.Build.0 = Release|Any CPU
	EndGlobalSection
	GlobalSection(SolutionProperties) = preSolution
		HideSolutionNode = FALSE
	EndGlobalSection
	GlobalSection(NestedProjects) = preSolution
		{341FFD88-DCAE-4811-91F8-ECC07C9A231B} = {85E62BBC-C631-476E-99DD-507B485983E5}
	EndGlobalSection
	GlobalSection(ExtensibilityGlobals) = postSolution
		SolutionGuid = {13ABE5D7-430A-4AEE-92BC-078A994DE20D}
	EndGlobalSection
EndGlobal
